{
  "name": "HugeSpaceship",
  "version": "1.0.0",
  "lockfileVersion": 3,
  "requires": true,
  "packages": {
    "": {
      "name": "HugeSpaceship",
      "version": "1.0.0",
      "dependencies": {
        "three": "^0.157.0"
      }
    },
    "node_modules/three": {
      "version": "0.157.0",
      "resolved": "https://registry.npmjs.org/three/-/three-0.157.0.tgz",
      "integrity": "sha512-CeAwQrf4x3z0/e+MC4F+nXLW5t0gh3pw+L6CCBqpHvOq3bGYIgRYub7Pv0j/9wR+d++OiEglyZzWyuSYbwWGOA=="
    }
  }
}
